# This file is automatically @generated by Cargo.
# It is not intended for manual editing.
version = 3

[[package]]
name = "aes"
version = "0.1.0"
dependencies = [
 "benchmarking",
]

[[package]]
name = "benchmarking"
version = "0.4.10"
source = "registry+https://github.com/rust-lang/crates.io-index"
checksum = "ea52a394d9a85bf9819ca50382187ece2497501dbd6397fd33388400e512a90e"
